
Microsoft Visual Studio Solution File, Format Version 12.00
# Visual Studio Version 16
VisualStudioVersion = 16.0.33214.272
MinimumVisualStudioVersion = 10.0.40219.1
Project("{FAE04EC0-301F-11D3-BF4B-00C04F79EFBC}") = "CheckOutOfDateShortcut", "CheckOutOfDateShortcut.csproj", "{4652399A-8CA3-4C74-B88D-9AC1BD6EF23D}"
EndProject
Global
	GlobalSection(SolutionConfigurationPlatforms) = preSolution
		Debug|Any CPU = Debug|Any CPU
		Debug|x64 = Debug|x64
		Debug|x86 = Debug|x86
		Release|Any CPU = Release|Any CPU
		Release|x64 = Release|x64
		Release|x86 = Release|x86
	EndGlobalSection
	GlobalSection(ProjectConfigurationPlatforms) = postSolution
		{4652399A-8CA3-4C74-B88D-9AC1BD6EF23D}.Debug|Any CPU.ActiveCfg = Debug|Any CPU
		{4652399A-8CA3-4C74-B88D-9AC1BD6EF23D}.Debug|Any CPU.Build.0 = Debug|Any CPU
		{4652399A-8CA3-4C74-B88D-9AC1BD6EF23D}.Debug|x64.ActiveCfg = Debug|Any CPU
		{4652399A-8CA3-4C74-B88D-9AC1BD6EF23D}.Debug|x64.Build.0 = Debug|Any CPU
		{4652399A-8CA3-4C74-B88D-9AC1BD6EF23D}.Debug|x86.ActiveCfg = Debug|Any CPU
		{4652399A-8CA3-4C74-B88D-9AC1BD6EF23D}.Debug|x86.Build.0 = Debug|Any CPU
		{4652399A-8CA3-4C74-B88D-9AC1BD6EF23D}.Release|Any CPU.ActiveCfg = Release|Any CPU
		{4652399A-8CA3-4C74-B88D-9AC1BD6EF23D}.Release|Any CPU.Build.0 = Release|Any CPU
		{4652399A-8CA3-4C74-B88D-9AC1BD6EF23D}.Release|x64.ActiveCfg = Release|Any CPU
		{4652399A-8CA3-4C74-B88D-9AC1BD6EF23D}.Release|x64.Build.0 = Release|Any CPU
		{4652399A-8CA3-4C74-B88D-9AC1BD6EF23D}.Release|x86.ActiveCfg = Release|Any CPU
		{4652399A-8CA3-4C74-B88D-9AC1BD6EF23D}.Release|x86.Build.0 = Release|Any CPU
	EndGlobalSection
	GlobalSection(SolutionProperties) = preSolution
		HideSolutionNode = FALSE
	EndGlobalSection
	GlobalSection(ExtensibilityGlobals) = postSolution
		SolutionGuid = {7E0E9E07-92C2-4C4B-AE7A-C6F7C8D89C09}
	EndGlobalSection
EndGlobal
